// !$*UTF8*$!
{
	archiveVersion = 1;
	classes = {
	};
	objectVersion = 46;
	objects = {

/* Begin PBXBuildFile section */
		8C4D9F3F1C1FDDF200106EC1 /* main.m in Sources */ = {isa = PBXBuildFile; fileRef = 8C4D9F3E1C1FDDF200106EC1 /* main.m */; };
		8C4D9F421C1FDDF200106EC1 /* AppDelegate.m in Sources */ = {isa = PBXBuildFile; fileRef = 8C4D9F411C1FDDF200106EC1 /* AppDelegate.m */; };
		8C4D9F451C1FDDF200106EC1 /* ViewController.m in Sources */ = {isa = PBXBuildFile; fileRef = 8C4D9F441C1FDDF200106EC1 /* ViewController.m */; };
		8C4D9F481C1FDDF200106EC1 /* Main.storyboard in Resources */ = {isa = PBXBuildFile; fileRef = 8C4D9F461C1FDDF200106EC1 /* Main.storyboard */; };
		8C4D9F4A1C1FDDF200106EC1 /* Images.xcassets in Resources */ = {isa = PBXBuildFile; fileRef = 8C4D9F491C1FDDF200106EC1 /* Images.xcassets */; };
		8C4D9F4D1C1FDDF200106EC1 /* LaunchScreen.xib in Resources */ = {isa = PBXBuildFile; fileRef = 8C4D9F4B1C1FDDF200106EC1 /* LaunchScreen.xib */; };
		8C4D9F591C1FDDF200106EC1 /* WeiProjectTests.m in Sources */ = {isa = PBXBuildFile; fileRef = 8C4D9F581C1FDDF200106EC1 /* WeiProjectTests.m */; };
		8C4D9F641C1FDE4200106EC1 /* MainTabBarController.m in Sources */ = {isa = PBXBuildFile; fileRef = 8C4D9F631C1FDE4200106EC1 /* MainTabBarController.m */; };
		8C4D9F681C1FDE8500106EC1 /* DataBaseViewController.m in Sources */ = {isa = PBXBuildFile; fileRef = 8C4D9F671C1FDE8500106EC1 /* DataBaseViewController.m */; };
		8C4D9F6C1C1FDF3C00106EC1 /* LocaleViewController.m in Sources */ = {isa = PBXBuildFile; fileRef = 8C4D9F6B1C1FDF3C00106EC1 /* LocaleViewController.m */; };
/* End PBXBuildFile section */

/* Begin PBXContainerItemProxy section */
		8C4D9F531C1FDDF200106EC1 /* PBXContainerItemProxy */ = {
			isa = PBXContainerItemProxy;
			containerPortal = 8C4D9F311C1FDDF200106EC1 /* Project object */;
			proxyType = 1;
			remoteGlobalIDString = 8C4D9F381C1FDDF200106EC1;
			remoteInfo = WeiProject;
		};
/* End PBXContainerItemProxy section */

/* Begin PBXFileReference section */
		8C4D9F391C1FDDF200106EC1 /* WeiProject.app */ = {isa = PBXFileReference; explicitFileType = wrapper.application; includeInIndex = 0; path = WeiProject.app; sourceTree = BUILT_PRODUCTS_DIR; };
		8C4D9F3D1C1FDDF200106EC1 /* Info.plist */ = {isa = PBXFileReference; lastKnownFileType = text.plist.xml; path = Info.plist; sourceTree = "<group>"; };
		8C4D9F3E1C1FDDF200106EC1 /* main.m */ = {isa = PBXFileReference; lastKnownFileType = sourcecode.c.objc; path = main.m; sourceTree = "<group>"; };
		8C4D9F401C1FDDF200106EC1 /* AppDelegate.h */ = {isa = PBXFileReference; lastKnownFileType = sourcecode.c.h; path = AppDelegate.h; sourceTree = "<group>"; };
		8C4D9F411C1FDDF200106EC1 /* AppDelegate.m */ = {isa = PBXFileReference; lastKnownFileType = sourcecode.c.objc; path = AppDelegate.m; sourceTree = "<group>"; };
		8C4D9F431C1FDDF200106EC1 /* ViewController.h */ = {isa = PBXFileReference; lastKnownFileType = sourcecode.c.h; path = ViewController.h; sourceTree = "<group>"; };
		8C4D9F441C1FDDF200106EC1 /* ViewController.m */ = {isa = PBXFileReference; lastKnownFileType = sourcecode.c.objc; path = ViewController.m; sourceTree = "<group>"; };
		8C4D9F471C1FDDF200106EC1 /* Base */ = {isa = PBXFileReference; lastKnownFileType = file.storyboard; name = Base; path = Base.lproj/Main.storyboard; sourceTree = "<group>"; };
		8C4D9F491C1FDDF200106EC1 /* Images.xcassets */ = {isa = PBXFileReference; lastKnownFileType = folder.assetcatalog; path = Images.xcassets; sourceTree = "<group>"; };
		8C4D9F4C1C1FDDF200106EC1 /* Base */ = {isa = PBXFileReference; lastKnownFileType = file.xib; name = Base; path = Base.lproj/LaunchScreen.xib; sourceTree = "<group>"; };
		8C4D9F521C1FDDF200106EC1 /* WeiProjectTests.xctest */ = {isa = PBXFileReference; explicitFileType = wrapper.cfbundle; includeInIndex = 0; path = WeiProjectTests.xctest; sourceTree = BUILT_PRODUCTS_DIR; };
		8C4D9F571C1FDDF200106EC1 /* Info.plist */ = {isa = PBXFileReference; lastKnownFileType = text.plist.xml; path = Info.plist; sourceTree = "<group>"; };
		8C4D9F581C1FDDF200106EC1 /* WeiProjectTests.m */ = {isa = PBXFileReference; lastKnownFileType = sourcecode.c.objc; path = WeiProjectTests.m; sourceTree = "<group>"; };
		8C4D9F621C1FDE4200106EC1 /* MainTabBarController.h */ = {isa = PBXFileReference; fileEncoding = 4; lastKnownFileType = sourcecode.c.h; path = MainTabBarController.h; sourceTree = "<group>"; };
		8C4D9F631C1FDE4200106EC1 /* MainTabBarController.m */ = {isa = PBXFileReference; fileEncoding = 4; lastKnownFileType = sourcecode.c.objc; path = MainTabBarController.m; sourceTree = "<group>"; };
		8C4D9F661C1FDE8500106EC1 /* DataBaseViewController.h */ = {isa = PBXFileReference; fileEncoding = 4; lastKnownFileType = sourcecode.c.h; path = DataBaseViewController.h; sourceTree = "<group>"; };
		8C4D9F671C1FDE8500106EC1 /* DataBaseViewController.m */ = {isa = PBXFileReference; fileEncoding = 4; lastKnownFileType = sourcecode.c.objc; path = DataBaseViewController.m; sourceTree = "<group>"; };
		8C4D9F6A1C1FDF3C00106EC1 /* LocaleViewController.h */ = {isa = PBXFileReference; fileEncoding = 4; lastKnownFileType = sourcecode.c.h; path = LocaleViewController.h; sourceTree = "<group>"; };
		8C4D9F6B1C1FDF3C00106EC1 /* LocaleViewController.m */ = {isa = PBXFileReference; fileEncoding = 4; lastKnownFileType = sourcecode.c.objc; path = LocaleViewController.m; sourceTree = "<group>"; };
/* End PBXFileReference section */

/* Begin PBXFrameworksBuildPhase section */
		8C4D9F361C1FDDF200106EC1 /* Frameworks */ = {
			isa = PBXFrameworksBuildPhase;
			buildActionMask = 2147483647;
			files = (
			);
			runOnlyForDeploymentPostprocessing = 0;
		};
		8C4D9F4F1C1FDDF200106EC1 /* Frameworks */ = {
			isa = PBXFrameworksBuildPhase;
			buildActionMask = 2147483647;
			files = (
			);
			runOnlyForDeploymentPostprocessing = 0;
		};
/* End PBXFrameworksBuildPhase section */

/* Begin PBXGroup section */
		8C4D9F301C1FDDF200106EC1 = {
			isa = PBXGroup;
			children = (
				8C4D9F3B1C1FDDF200106EC1 /* WeiProject */,
				8C4D9F551C1FDDF200106EC1 /* WeiProjectTests */,
				8C4D9F3A1C1FDDF200106EC1 /* Products */,
			);
			sourceTree = "<group>";
		};
		8C4D9F3A1C1FDDF200106EC1 /* Products */ = {
			isa = PBXGroup;
			children = (
				8C4D9F391C1FDDF200106EC1 /* WeiProject.app */,
				8C4D9F521C1FDDF200106EC1 /* WeiProjectTests.xctest */,
			);
			name = Products;
			sourceTree = "<group>";
		};
		8C4D9F3B1C1FDDF200106EC1 /* WeiProject */ = {
			isa = PBXGroup;
			children = (
				8C4D9F691C1FDF3300106EC1 /* Locale */,
				8C4D9F651C1FDE6E00106EC1 /* Database */,
				8C4D9F401C1FDDF200106EC1 /* AppDelegate.h */,
				8C4D9F411C1FDDF200106EC1 /* AppDelegate.m */,
				8C4D9F431C1FDDF200106EC1 /* ViewController.h */,
				8C4D9F441C1FDDF200106EC1 /* ViewController.m */,
				8C4D9F461C1FDDF200106EC1 /* Main.storyboard */,
				8C4D9F491C1FDDF200106EC1 /* Images.xcassets */,
				8C4D9F4B1C1FDDF200106EC1 /* LaunchScreen.xib */,
				8C4D9F3C1C1FDDF200106EC1 /* Supporting Files */,
				8C4D9F621C1FDE4200106EC1 /* MainTabBarController.h */,
				8C4D9F631C1FDE4200106EC1 /* MainTabBarController.m */,
			);
			path = WeiProject;
			sourceTree = "<group>";
		};
		8C4D9F3C1C1FDDF200106EC1 /* Supporting Files */ = {
			isa = PBXGroup;
			children = (
				8C4D9F3D1C1FDDF200106EC1 /* Info.plist */,
				8C4D9F3E1C1FDDF200106EC1 /* main.m */,
			);
			name = "Supporting Files";
			sourceTree = "<group>";
		};
		8C4D9F551C1FDDF200106EC1 /* WeiProjectTests */ = {
			isa = PBXGroup;
			children = (
				8C4D9F581C1FDDF200106EC1 /* WeiProjectTests.m */,
				8C4D9F561C1FDDF200106EC1 /* Supporting Files */,
			);
			path = WeiProjectTests;
			sourceTree = "<group>";
		};
		8C4D9F561C1FDDF200106EC1 /* Supporting Files */ = {
			isa = PBXGroup;
			children = (
				8C4D9F571C1FDDF200106EC1 /* Info.plist */,
			);
			name = "Supporting Files";
			sourceTree = "<group>";
		};
		8C4D9F651C1FDE6E00106EC1 /* Database */ = {
			isa = PBXGroup;
			children = (
				8C4D9F661C1FDE8500106EC1 /* DataBaseViewController.h */,
				8C4D9F671C1FDE8500106EC1 /* DataBaseViewController.m */,
			);
			path = Database;
			sourceTree = "<group>";
		};
		8C4D9F691C1FDF3300106EC1 /* Locale */ = {
			isa = PBXGroup;
			children = (
				8C4D9F6A1C1FDF3C00106EC1 /* LocaleViewController.h */,
				8C4D9F6B1C1FDF3C00106EC1 /* LocaleViewController.m */,
			);
			path = Locale;
			sourceTree = "<group>";
		};
/* End PBXGroup section */

/* Begin PBXNativeTarget section */
		8C4D9F381C1FDDF200106EC1 /* WeiProject */ = {
			isa = PBXNativeTarget;
			buildConfigurationList = 8C4D9F5C1C1FDDF200106EC1 /* Build configuration list for PBXNativeTarget "WeiProject" */;
			buildPhases = (
				8C4D9F351C1FDDF200106EC1 /* Sources */,
				8C4D9F361C1FDDF200106EC1 /* Frameworks */,
				8C4D9F371C1FDDF200106EC1 /* Resources */,
			);
			buildRules = (
			);
			dependencies = (
			);
			name = WeiProject;
			productName = WeiProject;
			productReference = 8C4D9F391C1FDDF200106EC1 /* WeiProject.app */;
			productType = "com.apple.product-type.application";
		};
		8C4D9F511C1FDDF200106EC1 /* WeiProjectTests */ = {
			isa = PBXNativeTarget;
			buildConfigurationList = 8C4D9F5F1C1FDDF200106EC1 /* Build configuration list for PBXNativeTarget "WeiProjectTests" */;
			buildPhases = (
				8C4D9F4E1C1FDDF200106EC1 /* Sources */,
				8C4D9F4F1C1FDDF200106EC1 /* Frameworks */,
				8C4D9F501C1FDDF200106EC1 /* Resources */,
			);
			buildRules = (
			);
			dependencies = (
				8C4D9F541C1FDDF200106EC1 /* PBXTargetDependency */,
			);
			name = WeiProjectTests;
			productName = WeiProjectTests;
			productReference = 8C4D9F521C1FDDF200106EC1 /* WeiProjectTests.xctest */;
			productType = "com.apple.product-type.bundle.unit-test";
		};
/* End PBXNativeTarget section */

/* Begin PBXProject section */
		8C4D9F311C1FDDF200106EC1 /* Project object */ = {
			isa = PBXProject;
			attributes = {
				LastUpgradeCheck = 0640;
				ORGANIZATIONNAME = com.qianfeng;
				TargetAttributes = {
					8C4D9F381C1FDDF200106EC1 = {
						CreatedOnToolsVersion = 6.4;
					};
					8C4D9F511C1FDDF200106EC1 = {
						CreatedOnToolsVersion = 6.4;
						TestTargetID = 8C4D9F381C1FDDF200106EC1;
					};
				};
			};
			buildConfigurationList = 8C4D9F341C1FDDF200106EC1 /* Build configuration list for PBXProject "WeiProject" */;
			compatibilityVersion = "Xcode 3.2";
			developmentRegion = English;
			hasScannedForEncodings = 0;
			knownRegions = (
				en,
				Base,
			);
			mainGroup = 8C4D9F301C1FDDF200106EC1;
			productRefGroup = 8C4D9F3A1C1FDDF200106EC1 /* Products */;
			projectDirPath = "";
			projectRoot = "";
			targets = (
				8C4D9F381C1FDDF200106EC1 /* WeiProject */,
				8C4D9F511C1FDDF200106EC1 /* WeiProjectTests */,
			);
		};
/* End PBXProject section */

/* Begin PBXResourcesBuildPhase section */
		8C4D9F371C1FDDF200106EC1 /* Resources */ = {
			isa = PBXResourcesBuildPhase;
			buildActionMask = 2147483647;
			files = (
				8C4D9F481C1FDDF200106EC1 /* Main.storyboard in Resources */,
				8C4D9F4D1C1FDDF200106EC1 /* LaunchScreen.xib in Resources */,
				8C4D9F4A1C1FDDF200106EC1 /* Images.xcassets in Resources */,
			);
			runOnlyForDeploymentPostprocessing = 0;
		};
		8C4D9F501C1FDDF200106EC1 /* Resources */ = {
			isa = PBXResourcesBuildPhase;
			buildActionMask = 2147483647;
			files = (
			);
			runOnlyForDeploymentPostprocessing = 0;
		};
/* End PBXResourcesBuildPhase section */

/* Begin PBXSourcesBuildPhase section */
		8C4D9F351C1FDDF200106EC1 /* Sources */ = {
			isa = PBXSourcesBuildPhase;
			buildActionMask = 2147483647;
			files = (
				8C4D9F681C1FDE8500106EC1 /* DataBaseViewController.m in Sources */,
				8C4D9F451C1FDDF200106EC1 /* ViewController.m in Sources */,
				8C4D9F421C1FDDF200106EC1 /* AppDelegate.m in Sources */,
				8C4D9F641C1FDE4200106EC1 /* MainTabBarController.m in Sources */,
				8C4D9F6C1C1FDF3C00106EC1 /* LocaleViewController.m in Sources */,
				8C4D9F3F1C1FDDF200106EC1 /* main.m in Sources */,
			);
			runOnlyForDeploymentPostprocessing = 0;
		};
		8C4D9F4E1C1FDDF200106EC1 /* Sources */ = {
			isa = PBXSourcesBuildPhase;
			buildActionMask = 2147483647;
			files = (
				8C4D9F591C1FDDF200106EC1 /* WeiProjectTests.m in Sources */,
			);
			runOnlyForDeploymentPostprocessing = 0;
		};
/* End PBXSourcesBuildPhase section */

/* Begin PBXTargetDependency section */
		8C4D9F541C1FDDF200106EC1 /* PBXTargetDependency */ = {
			isa = PBXTargetDependency;
			target = 8C4D9F381C1FDDF200106EC1 /* WeiProject */;
			targetProxy = 8C4D9F531C1FDDF200106EC1 /* PBXContainerItemProxy */;
		};
/* End PBXTargetDependency section */

/* Begin PBXVariantGroup section */
		8C4D9F461C1FDDF200106EC1 /* Main.storyboard */ = {
			isa = PBXVariantGroup;
			children = (
				8C4D9F471C1FDDF200106EC1 /* Base */,
			);
			name = Main.storyboard;
			sourceTree = "<group>";
		};
		8C4D9F4B1C1FDDF200106EC1 /* LaunchScreen.xib */ = {
			isa = PBXVariantGroup;
			children = (
				8C4D9F4C1C1FDDF200106EC1 /* Base */,
			);
			name = LaunchScreen.xib;
			sourceTree = "<group>";
		};
/* End PBXVariantGroup section */

/* Begin XCBuildConfiguration section */
		8C4D9F5A1C1FDDF200106EC1 /* Debug */ = {
			isa = XCBuildConfiguration;
			buildSettings = {
				ALWAYS_SEARCH_USER_PATHS = NO;
				CLANG_CXX_LANGUAGE_STANDARD = "gnu++0x";
				CLANG_CXX_LIBRARY = "libc++";
				CLANG_ENABLE_MODULES = YES;
				CLANG_ENABLE_OBJC_ARC = YES;
				CLANG_WARN_BOOL_CONVERSION = YES;
				CLANG_WARN_CONSTANT_CONVERSION = YES;
				CLANG_WARN_DIRECT_OBJC_ISA_USAGE = YES_ERROR;
				CLANG_WARN_EMPTY_BODY = YES;
				CLANG_WARN_ENUM_CONVERSION = YES;
				CLANG_WARN_INT_CONVERSION = YES;
				CLANG_WARN_OBJC_ROOT_CLASS = YES_ERROR;
				CLANG_WARN_UNREACHABLE_CODE = YES;
				CLANG_WARN__DUPLICATE_METHOD_MATCH = YES;
				"CODE_SIGN_IDENTITY[sdk=iphoneos*]" = "iPhone Developer";
				COPY_PHASE_STRIP = NO;
				DEBUG_INFORMATION_FORMAT = "dwarf-with-dsym";
				ENABLE_STRICT_OBJC_MSGSEND = YES;
				GCC_C_LANGUAGE_STANDARD = gnu99;
				GCC_DYNAMIC_NO_PIC = NO;
				GCC_NO_COMMON_BLOCKS = YES;
				GCC_OPTIMIZATION_LEVEL = 0;
				GCC_PREPROCESSOR_DEFINITIONS = (
					"DEBUG=1",
					"$(inherited)",
				);
				GCC_SYMBOLS_PRIVATE_EXTERN = NO;
				GCC_WARN_64_TO_32_BIT_CONVERSION = YES;
				GCC_WARN_ABOUT_RETURN_TYPE = YES_ERROR;
				GCC_WARN_UNDECLARED_SELECTOR = YES;
				GCC_WARN_UNINITIALIZED_AUTOS = YES_AGGRESSIVE;
				GCC_WARN_UNUSED_FUNCTION = YES;
				GCC_WARN_UNUSED_VARIABLE = YES;
				IPHONEOS_DEPLOYMENT_TARGET = 8.4;
				MTL_ENABLE_DEBUG_INFO = YES;
				ONLY_ACTIVE_ARCH = YES;
				SDKROOT = iphoneos;
			};
			name = Debug;
		};
		8C4D9F5B1C1FDDF200106EC1 /* Release */ = {
			isa = XCBuildConfiguration;
			buildSettings = {
				ALWAYS_SEARCH_USER_PATHS = NO;
				CLANG_CXX_LANGUAGE_STANDARD = "gnu++0x";
				CLANG_CXX_LIBRARY = "libc++";
				CLANG_ENABLE_MODULES = YES;
				CLANG_ENABLE_OBJC_ARC = YES;
				CLANG_WARN_BOOL_CONVERSION = YES;
				CLANG_WARN_CONSTANT_CONVERSION = YES;
				CLANG_WARN_DIRECT_OBJC_ISA_USAGE = YES_ERROR;
				CLANG_WARN_EMPTY_BODY = YES;
				CLANG_WARN_ENUM_CONVERSION = YES;
				CLANG_WARN_INT_CONVERSION = YES;
				CLANG_WARN_OBJC_ROOT_CLASS = YES_ERROR;
				CLANG_WARN_UNREACHABLE_CODE = YES;
				CLANG_WARN__DUPLICATE_METHOD_MATCH = YES;
				"CODE_SIGN_IDENTITY[sdk=iphoneos*]" = "iPhone Developer";
				COPY_PHASE_STRIP = NO;
				DEBUG_INFORMATION_FORMAT = "dwarf-with-dsym";
				ENABLE_NS_ASSERTIONS = NO;
				ENABLE_STRICT_OBJC_MSGSEND = YES;
				GCC_C_LANGUAGE_STANDARD = gnu99;
				GCC_NO_COMMON_BLOCKS = YES;
				GCC_WARN_64_TO_32_BIT_CONVERSION = YES;
				GCC_WARN_ABOUT_RETURN_TYPE = YES_ERROR;
				GCC_WARN_UNDECLARED_SELECTOR = YES;
				GCC_WARN_UNINITIALIZED_AUTOS = YES_AGGRESSIVE;
				GCC_WARN_UNUSED_FUNCTION = YES;
				GCC_WARN_UNUSED_VARIABLE = YES;
				IPHONEOS_DEPLOYMENT_TARGET = 8.4;
				MTL_ENABLE_DEBUG_INFO = NO;
				SDKROOT = iphoneos;
				VALIDATE_PRODUCT = YES;
			};
			name = Release;
		};
		8C4D9F5D1C1FDDF200106EC1 /* Debug */ = {
			isa = XCBuildConfiguration;
			buildSettings = {
				ASSETCATALOG_COMPILER_APPICON_NAME = AppIcon;
				INFOPLIST_FILE = WeiProject/Info.plist;
				LD_RUNPATH_SEARCH_PATHS = "$(inherited) @executable_path/Frameworks";
				PRODUCT_NAME = "$(TARGET_NAME)";
			};
			name = Debug;
		};
		8C4D9F5E1C1FDDF200106EC1 /* Release */ = {
			isa = XCBuildConfiguration;
			buildSettings = {
				ASSETCATALOG_COMPILER_APPICON_NAME = AppIcon;
				INFOPLIST_FILE = WeiProject/Info.plist;
				LD_RUNPATH_SEARCH_PATHS = "$(inherited) @executable_path/Frameworks";
				PRODUCT_NAME = "$(TARGET_NAME)";
			};
			name = Release;
		};
		8C4D9F601C1FDDF200106EC1 /* Debug */ = {
			isa = XCBuildConfiguration;
			buildSettings = {
				BUNDLE_LOADER = "$(TEST_HOST)";
				FRAMEWORK_SEARCH_PATHS = (
					"$(SDKROOT)/Developer/Library/Frameworks",
					"$(inherited)",
				);
				GCC_PREPROCESSOR_DEFINITIONS = (
					"DEBUG=1",
					"$(inherited)",
				);
				INFOPLIST_FILE = WeiProjectTests/Info.plist;
				LD_RUNPATH_SEARCH_PATHS = "$(inherited) @executable_path/Frameworks @loader_path/Frameworks";
				PRODUCT_NAME = "$(TARGET_NAME)";
				TEST_HOST = "$(BUILT_PRODUCTS_DIR)/WeiProject.app/WeiProject";
			};
			name = Debug;
		};
		8C4D9F611C1FDDF200106EC1 /* Release */ = {
			isa = XCBuildConfiguration;
			buildSettings = {
				BUNDLE_LOADER = "$(TEST_HOST)";
				FRAMEWORK_SEARCH_PATHS = (
					"$(SDKROOT)/Developer/Library/Frameworks",
					"$(inherited)",
				);
				INFOPLIST_FILE = WeiProjectTests/Info.plist;
				LD_RUNPATH_SEARCH_PATHS = "$(inherited) @executable_path/Frameworks @loader_path/Frameworks";
				PRODUCT_NAME = "$(TARGET_NAME)";
				TEST_HOST = "$(BUILT_PRODUCTS_DIR)/WeiProject.app/WeiProject";
			};
			name = Release;
		};
/* End XCBuildConfiguration section */

/* Begin XCConfigurationList section */
		8C4D9F341C1FDDF200106EC1 /* Build configuration list for PBXProject "WeiProject" */ = {
			isa = XCConfigurationList;
			buildConfigurations = (
				8C4D9F5A1C1FDDF200106EC1 /* Debug */,
				8C4D9F5B1C1FDDF200106EC1 /* Release */,
			);
			defaultConfigurationIsVisible = 0;
			defaultConfigurationName = Release;
		};
		8C4D9F5C1C1FDDF200106EC1 /* Build configuration list for PBXNativeTarget "WeiProject" */ = {
			isa = XCConfigurationList;
			buildConfigurations = (
				8C4D9F5D1C1FDDF200106EC1 /* Debug */,
				8C4D9F5E1C1FDDF200106EC1 /* Release */,
			);
			defaultConfigurationIsVisible = 0;
		};
		8C4D9F5F1C1FDDF200106EC1 /* Build configuration list for PBXNativeTarget "WeiProjectTests" */ = {
			isa = XCConfigurationList;
			buildConfigurations = (
				8C4D9F601C1FDDF200106EC1 /* Debug */,
				8C4D9F611C1FDDF200106EC1 /* Release */,
			);
			defaultConfigurationIsVisible = 0;
		};
/* End XCConfigurationList section */
	};
	rootObject = 8C4D9F311C1FDDF200106EC1 /* Project object */;
}
